
Microsoft Visual Studio Solution File, Format Version 12.00
# Visual Studio Version 17
VisualStudioVersion = 17.14.36401.2 d17.14
MinimumVisualStudioVersion = 10.0.40219.1
Project("{FAE04EC0-301F-11D3-BF4B-00C04F79EFBC}") = "ChessLogic", "ChessLogic\ChessLogic.csproj", "{2024CA3D-E257-45D0-AECC-EFD8523195D1}"
EndProject
Project("{FAE04EC0-301F-11D3-BF4B-00C04F79EFBC}") = "ChessUI", "ChessUI\ChessUI.csproj", "{A3C5BE89-075D-4C91-B1C5-5725A01A3C90}"
EndProject
Global
	GlobalSection(SolutionConfigurationPlatforms) = preSolution
		Debug|Any CPU = Debug|Any CPU
		Release|Any CPU = Release|Any CPU
	EndGlobalSection
	GlobalSection(ProjectConfigurationPlatforms) = postSolution
		{2024CA3D-E257-45D0-AECC-EFD8523195D1}.Debug|Any CPU.ActiveCfg = Debug|Any CPU
		{2024CA3D-E257-45D0-AECC-EFD8523195D1}.Debug|Any CPU.Build.0 = Debug|Any CPU
		{2024CA3D-E257-45D0-AECC-EFD8523195D1}.Release|Any CPU.ActiveCfg = Release|Any CPU
		{2024CA3D-E257-45D0-AECC-EFD8523195D1}.Release|Any CPU.Build.0 = Release|Any CPU
		{A3C5BE89-075D-4C91-B1C5-5725A01A3C90}.Debug|Any CPU.ActiveCfg = Debug|Any CPU
		{A3C5BE89-075D-4C91-B1C5-5725A01A3C90}.Debug|Any CPU.Build.0 = Debug|Any CPU
		{A3C5BE89-075D-4C91-B1C5-5725A01A3C90}.Release|Any CPU.ActiveCfg = Release|Any CPU
		{A3C5BE89-075D-4C91-B1C5-5725A01A3C90}.Release|Any CPU.Build.0 = Release|Any CPU
	EndGlobalSection
	GlobalSection(SolutionProperties) = preSolution
		HideSolutionNode = FALSE
	EndGlobalSection
	GlobalSection(ExtensibilityGlobals) = postSolution
		SolutionGuid = {DF1C73D6-B8E7-442A-B7B8-55B60F02721D}
	EndGlobalSection
EndGlobal
